PODS:
  - GoogleMaps (2.4.0):
    - GoogleMaps/Maps (= 2.4.0)
  - GoogleMaps/Base (2.4.0)
  - GoogleMaps/Maps (2.4.0):
    - GoogleMaps/Base
  - MKSpinner (1.4)
  - ReachabilitySwift (4.1.0)
  - SDWebImage (4.2.2):
    - SDWebImage/Core (= 4.2.2)
  - SDWebImage/Core (4.2.2)

DEPENDENCIES:
  - GoogleMaps
  - MKSpinner
  - ReachabilitySwift
  - SDWebImage

SPEC REPOS:
  trunk:
    - GoogleMaps
    - MKSpinner
    - ReachabilitySwift
    - SDWebImage

SPEC CHECKSUMS:
  GoogleMaps: 8436ab5d1c25e36915b2f7416d0c8e3fa2e76c61
  MKSpinner: 342cc7f8fbb365dd139a8ad28a0a987cca440a3a
  ReachabilitySwift: 6849231cd4e06559f3b9ef4a97a0a0f96d41e09f
  SDWebImage: 89a9d32cd520bbb46eb14e541d5109b3564af198

PODFILE CHECKSUM: 59719416bc049699c129a9af68cbdfc66ac1074a

COCOAPODS: 1.8.4
